
Microsoft Visual Studio Solution File, Format Version 12.00
# Visual Studio Version 17
VisualStudioVersion = 17.6.33815.320
MinimumVisualStudioVersion = 10.0.40219.1
Project("{FAE04EC0-301F-11D3-BF4B-00C04F79EFBC}") = "kz", "kz\kz.csproj", "{1ED3D819-6A7F-45C3-BB7B-37D94D5EF941}"
EndProject
Global
	GlobalSection(SolutionConfigurationPlatforms) = preSolution
		Debug|Any CPU = Debug|Any CPU
		Release|Any CPU = Release|Any CPU
	EndGlobalSection
	GlobalSection(ProjectConfigurationPlatforms) = postSolution
		{1ED3D819-6A7F-45C3-BB7B-37D94D5EF941}.Debug|Any CPU.ActiveCfg = Debug|Any CPU
		{1ED3D819-6A7F-45C3-BB7B-37D94D5EF941}.Debug|Any CPU.Build.0 = Debug|Any CPU
		{1ED3D819-6A7F-45C3-BB7B-37D94D5EF941}.Release|Any CPU.ActiveCfg = Release|Any CPU
		{1ED3D819-6A7F-45C3-BB7B-37D94D5EF941}.Release|Any CPU.Build.0 = Release|Any CPU
	EndGlobalSection
	GlobalSection(SolutionProperties) = preSolution
		HideSolutionNode = FALSE
	EndGlobalSection
	GlobalSection(ExtensibilityGlobals) = postSolution
		SolutionGuid = {FDA4E4B3-92F2-4701-845A-53B189CEA8A9}
	EndGlobalSection
EndGlobal
